PODS:
  - JCore (1.2.6)
  - JPush (3.1.2):
    - JCore (~> 1.2.6)
  - Masonry (1.1.0)
  - SensorsAnalyticsSDK (1.11.2):
    - SensorsAnalyticsSDK/core (= 1.11.2)
  - SensorsAnalyticsSDK/core (1.11.2)
  - SVProgressHUD (2.2.5)
  - UMCAnalytics (6.0.2):
    - UMCCommon
  - UMCCommon (2.0.0)

DEPENDENCIES:
  - JPush
  - Masonry
  - SensorsAnalyticsSDK (from `http://gitlab.sensorsdata.cn/sensors-analytics/sdk/sa-sdk-ios.git`)
  - SVProgressHUD
  - UMCAnalytics

SPEC REPOS:
  https://github.com/cocoapods/specs.git:
    - JCore
    - JPush
    - Masonry
    - SVProgressHUD
    - UMCAnalytics
    - UMCCommon

EXTERNAL SOURCES:
  SensorsAnalyticsSDK:
    :git: http://gitlab.sensorsdata.cn/sensors-analytics/sdk/sa-sdk-ios.git

CHECKOUT OPTIONS:
  SensorsAnalyticsSDK:
    :commit: 944bb18dfc55bd272576e245283a36b239f33a67
    :git: http://gitlab.sensorsdata.cn/sensors-analytics/sdk/sa-sdk-ios.git

SPEC CHECKSUMS:
  JCore: cae516dd2bf1a73b578ce6e1065abd49e709e0f7
  JPush: d0cead70ba223a6a3b52749899ebda830dfbc49a
  Masonry: 678fab65091a9290e40e2832a55e7ab731aad201
  SensorsAnalyticsSDK: 14fbd88eb06f5fb94662a386af39b8ad7478aded
  SVProgressHUD: 1428aafac632c1f86f62aa4243ec12008d7a51d6
  UMCAnalytics: 901960ede5a8a85f208bd37689ad3e607b433930
  UMCCommon: 79b5a614c958db367113eed5740109d9a98e1223

PODFILE CHECKSUM: 8a3ba885c509e13f39b1200c9b62127ee9435d63

COCOAPODS: 1.6.1
