PODS:
  - HFFoundation (0.0.1):
    - HFFoundation/Category (= 0.0.1)
    - HFFoundation/Controller (= 0.0.1)
    - HFFoundation/Util (= 0.0.1)
    - HFFoundation/View (= 0.0.1)
  - HFFoundation/Category (0.0.1)
  - HFFoundation/Controller (0.0.1)
  - HFFoundation/Util (0.0.1)
  - HFFoundation/View (0.0.1):
    - HFFoundation/Category
  - JCore (1.2.6)
  - JPush (3.1.2):
    - JCore (~> 1.2.6)
  - Masonry (1.1.0)
  - SensorsAnalyticsSDK (1.10.23):
    - SensorsAnalyticsSDK/core (= 1.10.23)
  - SensorsAnalyticsSDK/core (1.10.23)
  - SensorsDebugger (0.0.1):
    - Masonry
  - SVProgressHUD (2.2.5)
  - UMCAnalytics (6.0.2):
    - UMCCommon
  - UMCCommon (2.0.0)

DEPENDENCIES:
  - HFFoundation (from `~/Developer/iOS/HFFoundation`)
  - JPush
  - Masonry
  - SensorsAnalyticsSDK
  - SensorsDebugger (from `~/Developer/iOS/SensorsDebugger`)
  - SVProgressHUD
  - UMCAnalytics

SPEC REPOS:
  https://github.com/cocoapods/specs.git:
    - JCore
    - JPush
    - Masonry
    - SensorsAnalyticsSDK
    - SVProgressHUD
    - UMCAnalytics
    - UMCCommon

EXTERNAL SOURCES:
  HFFoundation:
    :path: "~/Developer/iOS/HFFoundation"
  SensorsDebugger:
    :path: "~/Developer/iOS/SensorsDebugger"

SPEC CHECKSUMS:
  HFFoundation: 95b0410bfd10d6ea0957c0d3b6f14cab3ecac5ec
  JCore: cae516dd2bf1a73b578ce6e1065abd49e709e0f7
  JPush: d0cead70ba223a6a3b52749899ebda830dfbc49a
  Masonry: 678fab65091a9290e40e2832a55e7ab731aad201
  SensorsAnalyticsSDK: a8c0834cc06c2640b6c0d62cd8666e18b756d13a
  SensorsDebugger: 2763bf4a28595926218f051a6155b2efb90d1bae
  SVProgressHUD: 1428aafac632c1f86f62aa4243ec12008d7a51d6
  UMCAnalytics: 901960ede5a8a85f208bd37689ad3e607b433930
  UMCCommon: 79b5a614c958db367113eed5740109d9a98e1223

PODFILE CHECKSUM: 4c294332226d21d0fe67e91427de4809acfc514f

COCOAPODS: 1.5.3
